
Microsoft Visual Studio Solution File, Format Version 12.00
# Visual Studio 15
VisualStudioVersion = 15.0.27428.2027
MinimumVisualStudioVersion = 10.0.40219.1
Project("{FAE04EC0-301F-11D3-BF4B-00C04F79EFBC}") = "Domain", "Domain\Domain.csproj", "{11B8C825-077F-4726-A55C-842277850A32}"
EndProject
Project("{FAE04EC0-301F-11D3-BF4B-00C04F79EFBC}") = "Endpoint2", "Endpoint2\Endpoint2.csproj", "{0F372666-A717-4CB9-B459-4509CEC47C55}"
EndProject
Project("{2150E333-8FDC-42A3-9474-1A3956D46DE8}") = "DatabaseScripts", "DatabaseScripts", "{9799F327-BFD6-4F30-9A25-4880A8203767}"
	ProjectSection(SolutionItems) = preProject
		SetupSchemaAndTable.sql = SetupSchemaAndTable.sql
	EndProjectSection
EndProject
Project("{FAE04EC0-301F-11D3-BF4B-00C04F79EFBC}") = "UnitTests", "UnitTests\UnitTests.csproj", "{AD9F7C5D-2E69-4D43-9CD6-AE54C7915896}"
EndProject
Global
	GlobalSection(SolutionConfigurationPlatforms) = preSolution
		Debug|Any CPU = Debug|Any CPU
		dit-ea|Any CPU = dit-ea|Any CPU
		Mat|Any CPU = Mat|Any CPU
		Release|Any CPU = Release|Any CPU
		test4-ea|Any CPU = test4-ea|Any CPU
	EndGlobalSection
	GlobalSection(ProjectConfigurationPlatforms) = postSolution
		{11B8C825-077F-4726-A55C-842277850A32}.Debug|Any CPU.ActiveCfg = Debug|Any CPU
		{11B8C825-077F-4726-A55C-842277850A32}.Debug|Any CPU.Build.0 = Debug|Any CPU
		{11B8C825-077F-4726-A55C-842277850A32}.dit-ea|Any CPU.ActiveCfg = dit-ea|Any CPU
		{11B8C825-077F-4726-A55C-842277850A32}.dit-ea|Any CPU.Build.0 = dit-ea|Any CPU
		{11B8C825-077F-4726-A55C-842277850A32}.Mat|Any CPU.ActiveCfg = Mat|Any CPU
		{11B8C825-077F-4726-A55C-842277850A32}.Mat|Any CPU.Build.0 = Mat|Any CPU
		{11B8C825-077F-4726-A55C-842277850A32}.Release|Any CPU.ActiveCfg = Release|Any CPU
		{11B8C825-077F-4726-A55C-842277850A32}.Release|Any CPU.Build.0 = Release|Any CPU
		{11B8C825-077F-4726-A55C-842277850A32}.test4-ea|Any CPU.ActiveCfg = test4-ea|Any CPU
		{11B8C825-077F-4726-A55C-842277850A32}.test4-ea|Any CPU.Build.0 = test4-ea|Any CPU
		{0F372666-A717-4CB9-B459-4509CEC47C55}.Debug|Any CPU.ActiveCfg = Debug|Any CPU
		{0F372666-A717-4CB9-B459-4509CEC47C55}.Debug|Any CPU.Build.0 = Debug|Any CPU
		{0F372666-A717-4CB9-B459-4509CEC47C55}.dit-ea|Any CPU.ActiveCfg = Debug|Any CPU
		{0F372666-A717-4CB9-B459-4509CEC47C55}.dit-ea|Any CPU.Build.0 = Debug|Any CPU
		{0F372666-A717-4CB9-B459-4509CEC47C55}.Mat|Any CPU.ActiveCfg = Release|Any CPU
		{0F372666-A717-4CB9-B459-4509CEC47C55}.Mat|Any CPU.Build.0 = Release|Any CPU
		{0F372666-A717-4CB9-B459-4509CEC47C55}.Release|Any CPU.ActiveCfg = Release|Any CPU
		{0F372666-A717-4CB9-B459-4509CEC47C55}.Release|Any CPU.Build.0 = Release|Any CPU
		{0F372666-A717-4CB9-B459-4509CEC47C55}.test4-ea|Any CPU.ActiveCfg = Release|Any CPU
		{0F372666-A717-4CB9-B459-4509CEC47C55}.test4-ea|Any CPU.Build.0 = Release|Any CPU
		{AD9F7C5D-2E69-4D43-9CD6-AE54C7915896}.Debug|Any CPU.ActiveCfg = Debug|Any CPU
		{AD9F7C5D-2E69-4D43-9CD6-AE54C7915896}.Debug|Any CPU.Build.0 = Debug|Any CPU
		{AD9F7C5D-2E69-4D43-9CD6-AE54C7915896}.dit-ea|Any CPU.ActiveCfg = Debug|Any CPU
		{AD9F7C5D-2E69-4D43-9CD6-AE54C7915896}.dit-ea|Any CPU.Build.0 = Debug|Any CPU
		{AD9F7C5D-2E69-4D43-9CD6-AE54C7915896}.Mat|Any CPU.ActiveCfg = Release|Any CPU
		{AD9F7C5D-2E69-4D43-9CD6-AE54C7915896}.Mat|Any CPU.Build.0 = Release|Any CPU
		{AD9F7C5D-2E69-4D43-9CD6-AE54C7915896}.Release|Any CPU.ActiveCfg = Release|Any CPU
		{AD9F7C5D-2E69-4D43-9CD6-AE54C7915896}.Release|Any CPU.Build.0 = Release|Any CPU
		{AD9F7C5D-2E69-4D43-9CD6-AE54C7915896}.test4-ea|Any CPU.ActiveCfg = Release|Any CPU
		{AD9F7C5D-2E69-4D43-9CD6-AE54C7915896}.test4-ea|Any CPU.Build.0 = Release|Any CPU
	EndGlobalSection
	GlobalSection(SolutionProperties) = preSolution
		HideSolutionNode = FALSE
	EndGlobalSection
	GlobalSection(ExtensibilityGlobals) = postSolution
		SolutionGuid = {42FDBB20-4CCD-4736-89DC-E9564F2DFF4D}
	EndGlobalSection
EndGlobal
